{
    "_meta": {
        "hash": {
            "sha256": "c7156dbc89e5cccd45cff48ef83772de6462d832cff7db8503002fc316fa09f7"
        },
        "requires": {},
        "sources": [
            {
                "url": "https://pypi.python.org/simple",
                "verify_ssl": true
            }
        ]
    },
    "default": {
        "coverage": {
            "version": "==4.4.1"
        },
        "py": {
            "version": "==1.4.34"
        },
        "pytest": {
            "version": "==3.2.1"
        },
        "setuptools": {
            "version": "==36.2.7"
        }
    },
    "develop": {}
}
